
Microsoft Visual Studio Solution File, Format Version 12.00
# Visual Studio Version 17
VisualStudioVersion = 17.5.33516.290
MinimumVisualStudioVersion = 10.0.40219.1
Project("{9A19103F-16F7-4668-BE54-9A1E7A4F7556}") = "FiltersDemo", "FiltersDemo\FiltersDemo.csproj", "{2E971DC4-7DFF-417A-A269-7708DE90A9AD}"
EndProject
Global
	GlobalSection(SolutionConfigurationPlatforms) = preSolution
		Debug|Any CPU = Debug|Any CPU
		Release|Any CPU = Release|Any CPU
	EndGlobalSection
	GlobalSection(ProjectConfigurationPlatforms) = postSolution
		{2E971DC4-7DFF-417A-A269-7708DE90A9AD}.Debug|Any CPU.ActiveCfg = Debug|Any CPU
		{2E971DC4-7DFF-417A-A269-7708DE90A9AD}.Debug|Any CPU.Build.0 = Debug|Any CPU
		{2E971DC4-7DFF-417A-A269-7708DE90A9AD}.Release|Any CPU.ActiveCfg = Release|Any CPU
		{2E971DC4-7DFF-417A-A269-7708DE90A9AD}.Release|Any CPU.Build.0 = Release|Any CPU
	EndGlobalSection
	GlobalSection(SolutionProperties) = preSolution
		HideSolutionNode = FALSE
	EndGlobalSection
	GlobalSection(ExtensibilityGlobals) = postSolution
		SolutionGuid = {668F9479-3177-44F5-AE1D-62C5120FC178}
	EndGlobalSection
EndGlobal
